
Microsoft Visual Studio Solution File, Format Version 12.00
# Visual Studio Version 17
VisualStudioVersion = 17.7.34031.279
MinimumVisualStudioVersion = 10.0.40219.1
Project("{FAE04EC0-301F-11D3-BF4B-00C04F79EFBC}") = "TPC_equipo-2", "TPC_equipo-2\TPC_equipo-2.csproj", "{0AA0CFA2-49EA-4288-BA91-FC389E6B3CA2}"
EndProject
Project("{FAE04EC0-301F-11D3-BF4B-00C04F79EFBC}") = "dominio", "dominio\dominio.csproj", "{1B73A3CC-D5FE-4FBD-B4C4-82F2CC8A53B3}"
EndProject
Project("{FAE04EC0-301F-11D3-BF4B-00C04F79EFBC}") = "negocio", "Negocio\negocio.csproj", "{0E8AA840-CC60-4867-9865-F91A5C003414}"
EndProject
Global
	GlobalSection(SolutionConfigurationPlatforms) = preSolution
		Debug|Any CPU = Debug|Any CPU
		Release|Any CPU = Release|Any CPU
	EndGlobalSection
	GlobalSection(ProjectConfigurationPlatforms) = postSolution
		{0AA0CFA2-49EA-4288-BA91-FC389E6B3CA2}.Debug|Any CPU.ActiveCfg = Debug|Any CPU
		{0AA0CFA2-49EA-4288-BA91-FC389E6B3CA2}.Debug|Any CPU.Build.0 = Debug|Any CPU
		{0AA0CFA2-49EA-4288-BA91-FC389E6B3CA2}.Release|Any CPU.ActiveCfg = Release|Any CPU
		{0AA0CFA2-49EA-4288-BA91-FC389E6B3CA2}.Release|Any CPU.Build.0 = Release|Any CPU
		{1B73A3CC-D5FE-4FBD-B4C4-82F2CC8A53B3}.Debug|Any CPU.ActiveCfg = Debug|Any CPU
		{1B73A3CC-D5FE-4FBD-B4C4-82F2CC8A53B3}.Debug|Any CPU.Build.0 = Debug|Any CPU
		{1B73A3CC-D5FE-4FBD-B4C4-82F2CC8A53B3}.Release|Any CPU.ActiveCfg = Release|Any CPU
		{1B73A3CC-D5FE-4FBD-B4C4-82F2CC8A53B3}.Release|Any CPU.Build.0 = Release|Any CPU
		{0E8AA840-CC60-4867-9865-F91A5C003414}.Debug|Any CPU.ActiveCfg = Debug|Any CPU
		{0E8AA840-CC60-4867-9865-F91A5C003414}.Debug|Any CPU.Build.0 = Debug|Any CPU
		{0E8AA840-CC60-4867-9865-F91A5C003414}.Release|Any CPU.ActiveCfg = Release|Any CPU
		{0E8AA840-CC60-4867-9865-F91A5C003414}.Release|Any CPU.Build.0 = Release|Any CPU
	EndGlobalSection
	GlobalSection(SolutionProperties) = preSolution
		HideSolutionNode = FALSE
	EndGlobalSection
	GlobalSection(ExtensibilityGlobals) = postSolution
		SolutionGuid = {148A025E-891B-4DEE-922E-00A95EF223A1}
	EndGlobalSection
EndGlobal
